// !$*UTF8*$!
{
	archiveVersion = 1;
	classes = {
	};
	objectVersion = 50;
	objects = {

/* Begin PBXBuildFile section */
		F389A755229342E000CE30EE /* AppDelegate.swift in Sources */ = {isa = PBXBuildFile; fileRef = F389A754229342E000CE30EE /* AppDelegate.swift */; };
		F389A7C2229342E000CE30EE /* AppDependencies.swift in Sources */ = {isa = PBXBuildFile; fileRef = F389A7C1229342E000CE30EE /* AppDependencies.swift */; };
		F389A7C6229342E000CE30EE /* RootWireframe.swift in Sources */ = {isa = PBXBuildFile; fileRef = F389A7C5229342E000CE30EE /* RootWireframe.swift */; };
		F389A814229342E100CE30EE /* Assets.xcassets in Resources */ = {isa = PBXBuildFile; fileRef = F389A813229342E100CE30EE /* Assets.xcassets */; };
		F389A817229342E100CE30EE /* LaunchScreen.storyboard in Resources */ = {isa = PBXBuildFile; fileRef = F389A815229342E100CE30EE /* LaunchScreen.storyboard */; };
		F389A84322942AB600CE30EE /* PlacesLocationDataManagerTests.swift in Sources */ = {isa = PBXBuildFile; fileRef = F389A84222942AB600CE30EE /* PlacesLocationDataManagerTests.swift */; };
		F389A8452294311400CE30EE /* FakeAppDelegate.swift in Sources */ = {isa = PBXBuildFile; fileRef = F389A8442294311400CE30EE /* FakeAppDelegate.swift */; };
		F389A8472294315E00CE30EE /* main.swift in Sources */ = {isa = PBXBuildFile; fileRef = F389A8462294315E00CE30EE /* main.swift */; };
		F389A84A22946DE400CE30EE /* LocationManagerSpy.swift in Sources */ = {isa = PBXBuildFile; fileRef = F389A84922946DE400CE30EE /* LocationManagerSpy.swift */; };
		F389A84C22946EB100CE30EE /* PlacesInteractorTests.swift in Sources */ = {isa = PBXBuildFile; fileRef = F389A84B22946EB100CE30EE /* PlacesInteractorTests.swift */; };
		F389A84E229473D800CE30EE /* PlacesPresenterSpy.swift in Sources */ = {isa = PBXBuildFile; fileRef = F389A84D229473D800CE30EE /* PlacesPresenterSpy.swift */; };
		F389A8502294741100CE30EE /* PlacesLocationDataManagerSpy.swift in Sources */ = {isa = PBXBuildFile; fileRef = F389A84F2294741100CE30EE /* PlacesLocationDataManagerSpy.swift */; };
		F389A8522294748A00CE30EE /* PlacesPresenterTests.swift in Sources */ = {isa = PBXBuildFile; fileRef = F389A8512294748A00CE30EE /* PlacesPresenterTests.swift */; };
		F389A854229478DA00CE30EE /* PlacesViewSpy.swift in Sources */ = {isa = PBXBuildFile; fileRef = F389A853229478DA00CE30EE /* PlacesViewSpy.swift */; };
		F389A8562294790100CE30EE /* PlacesInteractorSpy.swift in Sources */ = {isa = PBXBuildFile; fileRef = F389A8552294790100CE30EE /* PlacesInteractorSpy.swift */; };
		F389A8582294791C00CE30EE /* PlacesWireframeSpy.swift in Sources */ = {isa = PBXBuildFile; fileRef = F389A8572294791C00CE30EE /* PlacesWireframeSpy.swift */; };
		F389A85A2294A32700CE30EE /* UIVIewController.swift in Sources */ = {isa = PBXBuildFile; fileRef = F389A8592294A32700CE30EE /* UIVIewController.swift */; };
		F389A8622294A36B00CE30EE /* Location.swift in Sources */ = {isa = PBXBuildFile; fileRef = F389A85D2294A36B00CE30EE /* Location.swift */; };
		F389A8632294A36B00CE30EE /* PlacesLocationDataManager.swift in Sources */ = {isa = PBXBuildFile; fileRef = F389A85E2294A36B00CE30EE /* PlacesLocationDataManager.swift */; };
		F389A8642294A36B00CE30EE /* Region.swift in Sources */ = {isa = PBXBuildFile; fileRef = F389A85F2294A36B00CE30EE /* Region.swift */; };
		F389A8652294A36B00CE30EE /* PlacesAPIDataManager.swift in Sources */ = {isa = PBXBuildFile; fileRef = F389A8612294A36B00CE30EE /* PlacesAPIDataManager.swift */; };
		F389A8682294A38900CE30EE /* PlacesInteractor.swift in Sources */ = {isa = PBXBuildFile; fileRef = F389A8672294A38900CE30EE /* PlacesInteractor.swift */; };
		F389A86B2294A39A00CE30EE /* PlacesPresenter.swift in Sources */ = {isa = PBXBuildFile; fileRef = F389A86A2294A39A00CE30EE /* PlacesPresenter.swift */; };
		F389A86E2294A3AA00CE30EE /* PlacesProtocols.swift in Sources */ = {isa = PBXBuildFile; fileRef = F389A86D2294A3AA00CE30EE /* PlacesProtocols.swift */; };
		F389A8712294A3B700CE30EE /* PlacesView.swift in Sources */ = {isa = PBXBuildFile; fileRef = F389A8702294A3B700CE30EE /* PlacesView.swift */; };
		F389A8742294A3C300CE30EE /* PlacesWireframe.swift in Sources */ = {isa = PBXBuildFile; fileRef = F389A8732294A3C300CE30EE /* PlacesWireframe.swift */; };
		F389A8762294A3E900CE30EE /* Places.storyboard in Resources */ = {isa = PBXBuildFile; fileRef = F389A8752294A3E900CE30EE /* Places.storyboard */; };
/* End PBXBuildFile section */

/* Begin PBXContainerItemProxy section */
		F389A81E229342E100CE30EE /* PBXContainerItemProxy */ = {
			isa = PBXContainerItemProxy;
			containerPortal = F389A748229342E000CE30EE /* Project object */;
			proxyType = 1;
			remoteGlobalIDString = F389A74F229342E000CE30EE;
			remoteInfo = MusicBrainz;
		};
/* End PBXContainerItemProxy section */

/* Begin PBXFileReference section */
		F389A750229342E000CE30EE /* MusicBrainz.app */ = {isa = PBXFileReference; explicitFileType = wrapper.application; includeInIndex = 0; path = MusicBrainz.app; sourceTree = BUILT_PRODUCTS_DIR; };
		F389A754229342E000CE30EE /* AppDelegate.swift */ = {isa = PBXFileReference; lastKnownFileType = sourcecode.swift; path = AppDelegate.swift; sourceTree = "<group>"; };
		F389A7C1229342E000CE30EE /* AppDependencies.swift */ = {isa = PBXFileReference; lastKnownFileType = sourcecode.swift; path = AppDependencies.swift; sourceTree = "<group>"; };
		F389A7C5229342E000CE30EE /* RootWireframe.swift */ = {isa = PBXFileReference; lastKnownFileType = sourcecode.swift; path = RootWireframe.swift; sourceTree = "<group>"; };
		F389A813229342E100CE30EE /* Assets.xcassets */ = {isa = PBXFileReference; lastKnownFileType = folder.assetcatalog; path = Assets.xcassets; sourceTree = "<group>"; };
		F389A816229342E100CE30EE /* Base */ = {isa = PBXFileReference; lastKnownFileType = file.storyboard; name = Base; path = Base.lproj/LaunchScreen.storyboard; sourceTree = "<group>"; };
		F389A818229342E100CE30EE /* Info.plist */ = {isa = PBXFileReference; lastKnownFileType = text.plist.xml; path = Info.plist; sourceTree = "<group>"; };
		F389A81D229342E100CE30EE /* MusicBrainzTests.xctest */ = {isa = PBXFileReference; explicitFileType = wrapper.cfbundle; includeInIndex = 0; path = MusicBrainzTests.xctest; sourceTree = BUILT_PRODUCTS_DIR; };
		F389A823229342E100CE30EE /* Info.plist */ = {isa = PBXFileReference; lastKnownFileType = text.plist.xml; path = Info.plist; sourceTree = "<group>"; };
		F389A84222942AB600CE30EE /* PlacesLocationDataManagerTests.swift */ = {isa = PBXFileReference; lastKnownFileType = sourcecode.swift; path = PlacesLocationDataManagerTests.swift; sourceTree = "<group>"; };
		F389A8442294311400CE30EE /* FakeAppDelegate.swift */ = {isa = PBXFileReference; lastKnownFileType = sourcecode.swift; path = FakeAppDelegate.swift; sourceTree = "<group>"; };
		F389A8462294315E00CE30EE /* main.swift */ = {isa = PBXFileReference; lastKnownFileType = sourcecode.swift; path = main.swift; sourceTree = "<group>"; };
		F389A84922946DE400CE30EE /* LocationManagerSpy.swift */ = {isa = PBXFileReference; lastKnownFileType = sourcecode.swift; path = LocationManagerSpy.swift; sourceTree = "<group>"; };
		F389A84B22946EB100CE30EE /* PlacesInteractorTests.swift */ = {isa = PBXFileReference; lastKnownFileType = sourcecode.swift; path = PlacesInteractorTests.swift; sourceTree = "<group>"; };
		F389A84D229473D800CE30EE /* PlacesPresenterSpy.swift */ = {isa = PBXFileReference; lastKnownFileType = sourcecode.swift; path = PlacesPresenterSpy.swift; sourceTree = "<group>"; };
		F389A84F2294741100CE30EE /* PlacesLocationDataManagerSpy.swift */ = {isa = PBXFileReference; lastKnownFileType = sourcecode.swift; path = PlacesLocationDataManagerSpy.swift; sourceTree = "<group>"; };
		F389A8512294748A00CE30EE /* PlacesPresenterTests.swift */ = {isa = PBXFileReference; lastKnownFileType = sourcecode.swift; path = PlacesPresenterTests.swift; sourceTree = "<group>"; };
		F389A853229478DA00CE30EE /* PlacesViewSpy.swift */ = {isa = PBXFileReference; lastKnownFileType = sourcecode.swift; path = PlacesViewSpy.swift; sourceTree = "<group>"; };
		F389A8552294790100CE30EE /* PlacesInteractorSpy.swift */ = {isa = PBXFileReference; lastKnownFileType = sourcecode.swift; path = PlacesInteractorSpy.swift; sourceTree = "<group>"; };
		F389A8572294791C00CE30EE /* PlacesWireframeSpy.swift */ = {isa = PBXFileReference; lastKnownFileType = sourcecode.swift; path = PlacesWireframeSpy.swift; sourceTree = "<group>"; };
		F389A8592294A32700CE30EE /* UIVIewController.swift */ = {isa = PBXFileReference; fileEncoding = 4; lastKnownFileType = sourcecode.swift; name = UIVIewController.swift; path = Common/Extensions/UIVIewController.swift; sourceTree = "<group>"; };
		F389A85D2294A36B00CE30EE /* Location.swift */ = {isa = PBXFileReference; fileEncoding = 4; lastKnownFileType = sourcecode.swift; path = Location.swift; sourceTree = "<group>"; };
		F389A85E2294A36B00CE30EE /* PlacesLocationDataManager.swift */ = {isa = PBXFileReference; fileEncoding = 4; lastKnownFileType = sourcecode.swift; path = PlacesLocationDataManager.swift; sourceTree = "<group>"; };
		F389A85F2294A36B00CE30EE /* Region.swift */ = {isa = PBXFileReference; fileEncoding = 4; lastKnownFileType = sourcecode.swift; path = Region.swift; sourceTree = "<group>"; };
		F389A8612294A36B00CE30EE /* PlacesAPIDataManager.swift */ = {isa = PBXFileReference; fileEncoding = 4; lastKnownFileType = sourcecode.swift; path = PlacesAPIDataManager.swift; sourceTree = "<group>"; };
		F389A8672294A38900CE30EE /* PlacesInteractor.swift */ = {isa = PBXFileReference; fileEncoding = 4; lastKnownFileType = sourcecode.swift; path = PlacesInteractor.swift; sourceTree = "<group>"; };
		F389A86A2294A39A00CE30EE /* PlacesPresenter.swift */ = {isa = PBXFileReference; fileEncoding = 4; lastKnownFileType = sourcecode.swift; path = PlacesPresenter.swift; sourceTree = "<group>"; };
		F389A86D2294A3AA00CE30EE /* PlacesProtocols.swift */ = {isa = PBXFileReference; fileEncoding = 4; lastKnownFileType = sourcecode.swift; path = PlacesProtocols.swift; sourceTree = "<group>"; };
		F389A8702294A3B700CE30EE /* PlacesView.swift */ = {isa = PBXFileReference; fileEncoding = 4; lastKnownFileType = sourcecode.swift; path = PlacesView.swift; sourceTree = "<group>"; };
		F389A8732294A3C300CE30EE /* PlacesWireframe.swift */ = {isa = PBXFileReference; fileEncoding = 4; lastKnownFileType = sourcecode.swift; path = PlacesWireframe.swift; sourceTree = "<group>"; };
		F389A8752294A3E900CE30EE /* Places.storyboard */ = {isa = PBXFileReference; fileEncoding = 4; lastKnownFileType = file.storyboard; path = Places.storyboard; sourceTree = "<group>"; };
/* End PBXFileReference section */

/* Begin PBXFrameworksBuildPhase section */
		F389A74D229342E000CE30EE /* Frameworks */ = {
			isa = PBXFrameworksBuildPhase;
			buildActionMask = 2147483647;
			files = (
			);
			runOnlyForDeploymentPostprocessing = 0;
		};
		F389A81A229342E100CE30EE /* Frameworks */ = {
			isa = PBXFrameworksBuildPhase;
			buildActionMask = 2147483647;
			files = (
			);
			runOnlyForDeploymentPostprocessing = 0;
		};
/* End PBXFrameworksBuildPhase section */

/* Begin PBXGroup section */
		F389A747229342E000CE30EE = {
			isa = PBXGroup;
			children = (
				F389A752229342E000CE30EE /* MusicBrainz */,
				F389A820229342E100CE30EE /* MusicBrainzTests */,
				F389A751229342E000CE30EE /* Products */,
			);
			sourceTree = "<group>";
		};
		F389A751229342E000CE30EE /* Products */ = {
			isa = PBXGroup;
			children = (
				F389A750229342E000CE30EE /* MusicBrainz.app */,
				F389A81D229342E100CE30EE /* MusicBrainzTests.xctest */,
			);
			name = Products;
			sourceTree = "<group>";
		};
		F389A752229342E000CE30EE /* MusicBrainz */ = {
			isa = PBXGroup;
			children = (
				F389A8352293DFDB00CE30EE /* Common */,
				F389A8322293DFA200CE30EE /* Config */,
				F389A8332293DFAC00CE30EE /* Misc */,
				F389A82E2293DF0800CE30EE /* Module */,
				F389A8362293E02300CE30EE /* Resource */,
			);
			path = MusicBrainz;
			sourceTree = "<group>";
		};
		F389A790229342E000CE30EE /* Places */ = {
			isa = PBXGroup;
			children = (
				F389A85B2294A36B00CE30EE /* DataManager */,
				F389A8662294A38900CE30EE /* Interactor */,
				F389A8692294A39A00CE30EE /* Presenter */,
				F389A86C2294A3AA00CE30EE /* Protocols */,
				F389A86F2294A3B700CE30EE /* View */,
				F389A8722294A3C300CE30EE /* Wireframe */,
			);
			name = Places;
			path = ..;
			sourceTree = "<group>";
		};
		F389A7E6229342E000CE30EE /* Extensions */ = {
			isa = PBXGroup;
			children = (
				F389A8592294A32700CE30EE /* UIVIewController.swift */,
			);
			name = Extensions;
			path = ..;
			sourceTree = "<group>";
		};
		F389A820229342E100CE30EE /* MusicBrainzTests */ = {
			isa = PBXGroup;
			children = (
				F389A84822946DBF00CE30EE /* Spy */,
				F389A84022942A6C00CE30EE /* Module */,
				F389A823229342E100CE30EE /* Info.plist */,
			);
			path = MusicBrainzTests;
			sourceTree = "<group>";
		};
		F389A82E2293DF0800CE30EE /* Module */ = {
			isa = PBXGroup;
			children = (
				F389A790229342E000CE30EE /* Places */,
				F389A8752294A3E900CE30EE /* Places.storyboard */,
			);
			path = Module;
			sourceTree = "<group>";
		};
		F389A8322293DFA200CE30EE /* Config */ = {
			isa = PBXGroup;
			children = (
				F389A818229342E100CE30EE /* Info.plist */,
			);
			path = Config;
			sourceTree = "<group>";
		};
		F389A8332293DFAC00CE30EE /* Misc */ = {
			isa = PBXGroup;
			children = (
				F389A754229342E000CE30EE /* AppDelegate.swift */,
				F389A7C1229342E000CE30EE /* AppDependencies.swift */,
				F389A8442294311400CE30EE /* FakeAppDelegate.swift */,
				F389A815229342E100CE30EE /* LaunchScreen.storyboard */,
				F389A8462294315E00CE30EE /* main.swift */,
			);
			path = Misc;
			sourceTree = "<group>";
		};
		F389A8352293DFDB00CE30EE /* Common */ = {
			isa = PBXGroup;
			children = (
				F389A8372293E15500CE30EE /* Wireframe */,
				F389A7E6229342E000CE30EE /* Extensions */,
			);
			path = Common;
			sourceTree = "<group>";
		};
		F389A8362293E02300CE30EE /* Resource */ = {
			isa = PBXGroup;
			children = (
				F389A813229342E100CE30EE /* Assets.xcassets */,
			);
			path = Resource;
			sourceTree = "<group>";
		};
		F389A8372293E15500CE30EE /* Wireframe */ = {
			isa = PBXGroup;
			children = (
				F389A7C5229342E000CE30EE /* RootWireframe.swift */,
			);
			path = Wireframe;
			sourceTree = "<group>";
		};
		F389A84022942A6C00CE30EE /* Module */ = {
			isa = PBXGroup;
			children = (
				F389A84122942A7500CE30EE /* Places */,
			);
			path = Module;
			sourceTree = "<group>";
		};
		F389A84122942A7500CE30EE /* Places */ = {
			isa = PBXGroup;
			children = (
				F389A84B22946EB100CE30EE /* PlacesInteractorTests.swift */,
				F389A84222942AB600CE30EE /* PlacesLocationDataManagerTests.swift */,
				F389A8512294748A00CE30EE /* PlacesPresenterTests.swift */,
			);
			path = Places;
			sourceTree = "<group>";
		};
		F389A84822946DBF00CE30EE /* Spy */ = {
			isa = PBXGroup;
			children = (
				F389A84922946DE400CE30EE /* LocationManagerSpy.swift */,
				F389A8552294790100CE30EE /* PlacesInteractorSpy.swift */,
				F389A84F2294741100CE30EE /* PlacesLocationDataManagerSpy.swift */,
				F389A84D229473D800CE30EE /* PlacesPresenterSpy.swift */,
				F389A853229478DA00CE30EE /* PlacesViewSpy.swift */,
				F389A8572294791C00CE30EE /* PlacesWireframeSpy.swift */,
			);
			path = Spy;
			sourceTree = "<group>";
		};
		F389A85B2294A36B00CE30EE /* DataManager */ = {
			isa = PBXGroup;
			children = (
				F389A85C2294A36B00CE30EE /* Location */,
				F389A8602294A36B00CE30EE /* API */,
			);
			name = DataManager;
			path = Module/Places/DataManager;
			sourceTree = "<group>";
		};
		F389A85C2294A36B00CE30EE /* Location */ = {
			isa = PBXGroup;
			children = (
				F389A85D2294A36B00CE30EE /* Location.swift */,
				F389A85E2294A36B00CE30EE /* PlacesLocationDataManager.swift */,
				F389A85F2294A36B00CE30EE /* Region.swift */,
			);
			path = Location;
			sourceTree = "<group>";
		};
		F389A8602294A36B00CE30EE /* API */ = {
			isa = PBXGroup;
			children = (
				F389A8612294A36B00CE30EE /* PlacesAPIDataManager.swift */,
			);
			path = API;
			sourceTree = "<group>";
		};
		F389A8662294A38900CE30EE /* Interactor */ = {
			isa = PBXGroup;
			children = (
				F389A8672294A38900CE30EE /* PlacesInteractor.swift */,
			);
			name = Interactor;
			path = Module/Places/Interactor;
			sourceTree = "<group>";
		};
		F389A8692294A39A00CE30EE /* Presenter */ = {
			isa = PBXGroup;
			children = (
				F389A86A2294A39A00CE30EE /* PlacesPresenter.swift */,
			);
			name = Presenter;
			path = Module/Places/Presenter;
			sourceTree = "<group>";
		};
		F389A86C2294A3AA00CE30EE /* Protocols */ = {
			isa = PBXGroup;
			children = (
				F389A86D2294A3AA00CE30EE /* PlacesProtocols.swift */,
			);
			name = Protocols;
			path = Module/Places/Protocols;
			sourceTree = "<group>";
		};
		F389A86F2294A3B700CE30EE /* View */ = {
			isa = PBXGroup;
			children = (
				F389A8702294A3B700CE30EE /* PlacesView.swift */,
			);
			name = View;
			path = Module/Places/View;
			sourceTree = "<group>";
		};
		F389A8722294A3C300CE30EE /* Wireframe */ = {
			isa = PBXGroup;
			children = (
				F389A8732294A3C300CE30EE /* PlacesWireframe.swift */,
			);
			name = Wireframe;
			path = Module/Places/Wireframe;
			sourceTree = "<group>";
		};
/* End PBXGroup section */

/* Begin PBXNativeTarget section */
		F389A74F229342E000CE30EE /* MusicBrainz */ = {
			isa = PBXNativeTarget;
			buildConfigurationList = F389A826229342E100CE30EE /* Build configuration list for PBXNativeTarget "MusicBrainz" */;
			buildPhases = (
				F389A74C229342E000CE30EE /* Sources */,
				F389A74D229342E000CE30EE /* Frameworks */,
				F389A74E229342E000CE30EE /* Resources */,
			);
			buildRules = (
			);
			dependencies = (
			);
			name = MusicBrainz;
			productName = MusicBrainz;
			productReference = F389A750229342E000CE30EE /* MusicBrainz.app */;
			productType = "com.apple.product-type.application";
		};
		F389A81C229342E100CE30EE /* MusicBrainzTests */ = {
			isa = PBXNativeTarget;
			buildConfigurationList = F389A829229342E100CE30EE /* Build configuration list for PBXNativeTarget "MusicBrainzTests" */;
			buildPhases = (
				F389A819229342E100CE30EE /* Sources */,
				F389A81A229342E100CE30EE /* Frameworks */,
				F389A81B229342E100CE30EE /* Resources */,
			);
			buildRules = (
			);
			dependencies = (
				F389A81F229342E100CE30EE /* PBXTargetDependency */,
			);
			name = MusicBrainzTests;
			productName = MusicBrainzTests;
			productReference = F389A81D229342E100CE30EE /* MusicBrainzTests.xctest */;
			productType = "com.apple.product-type.bundle.unit-test";
		};
/* End PBXNativeTarget section */

/* Begin PBXProject section */
		F389A748229342E000CE30EE /* Project object */ = {
			isa = PBXProject;
			attributes = {
				LastSwiftUpdateCheck = 1020;
				LastUpgradeCheck = 1020;
				ORGANIZATIONNAME = lyzkov;
				TargetAttributes = {
					F389A74F229342E000CE30EE = {
						CreatedOnToolsVersion = 10.2.1;
					};
					F389A81C229342E100CE30EE = {
						CreatedOnToolsVersion = 10.2.1;
						TestTargetID = F389A74F229342E000CE30EE;
					};
				};
			};
			buildConfigurationList = F389A74B229342E000CE30EE /* Build configuration list for PBXProject "MusicBrainz" */;
			compatibilityVersion = "Xcode 9.3";
			developmentRegion = en;
			hasScannedForEncodings = 0;
			knownRegions = (
				en,
				Base,
			);
			mainGroup = F389A747229342E000CE30EE;
			productRefGroup = F389A751229342E000CE30EE /* Products */;
			projectDirPath = "";
			projectRoot = "";
			targets = (
				F389A74F229342E000CE30EE /* MusicBrainz */,
				F389A81C229342E100CE30EE /* MusicBrainzTests */,
			);
		};
/* End PBXProject section */

/* Begin PBXResourcesBuildPhase section */
		F389A74E229342E000CE30EE /* Resources */ = {
			isa = PBXResourcesBuildPhase;
			buildActionMask = 2147483647;
			files = (
				F389A817229342E100CE30EE /* LaunchScreen.storyboard in Resources */,
				F389A8762294A3E900CE30EE /* Places.storyboard in Resources */,
				F389A814229342E100CE30EE /* Assets.xcassets in Resources */,
			);
			runOnlyForDeploymentPostprocessing = 0;
		};
		F389A81B229342E100CE30EE /* Resources */ = {
			isa = PBXResourcesBuildPhase;
			buildActionMask = 2147483647;
			files = (
			);
			runOnlyForDeploymentPostprocessing = 0;
		};
/* End PBXResourcesBuildPhase section */

/* Begin PBXSourcesBuildPhase section */
		F389A74C229342E000CE30EE /* Sources */ = {
			isa = PBXSourcesBuildPhase;
			buildActionMask = 2147483647;
			files = (
				F389A86E2294A3AA00CE30EE /* PlacesProtocols.swift in Sources */,
				F389A7C6229342E000CE30EE /* RootWireframe.swift in Sources */,
				F389A8652294A36B00CE30EE /* PlacesAPIDataManager.swift in Sources */,
				F389A85A2294A32700CE30EE /* UIVIewController.swift in Sources */,
				F389A7C2229342E000CE30EE /* AppDependencies.swift in Sources */,
				F389A8712294A3B700CE30EE /* PlacesView.swift in Sources */,
				F389A755229342E000CE30EE /* AppDelegate.swift in Sources */,
				F389A8632294A36B00CE30EE /* PlacesLocationDataManager.swift in Sources */,
				F389A8742294A3C300CE30EE /* PlacesWireframe.swift in Sources */,
				F389A8472294315E00CE30EE /* main.swift in Sources */,
				F389A86B2294A39A00CE30EE /* PlacesPresenter.swift in Sources */,
				F389A8682294A38900CE30EE /* PlacesInteractor.swift in Sources */,
				F389A8452294311400CE30EE /* FakeAppDelegate.swift in Sources */,
				F389A8642294A36B00CE30EE /* Region.swift in Sources */,
				F389A8622294A36B00CE30EE /* Location.swift in Sources */,
			);
			runOnlyForDeploymentPostprocessing = 0;
		};
		F389A819229342E100CE30EE /* Sources */ = {
			isa = PBXSourcesBuildPhase;
			buildActionMask = 2147483647;
			files = (
				F389A8502294741100CE30EE /* PlacesLocationDataManagerSpy.swift in Sources */,
				F389A8582294791C00CE30EE /* PlacesWireframeSpy.swift in Sources */,
				F389A84C22946EB100CE30EE /* PlacesInteractorTests.swift in Sources */,
				F389A84322942AB600CE30EE /* PlacesLocationDataManagerTests.swift in Sources */,
				F389A8562294790100CE30EE /* PlacesInteractorSpy.swift in Sources */,
				F389A854229478DA00CE30EE /* PlacesViewSpy.swift in Sources */,
				F389A84A22946DE400CE30EE /* LocationManagerSpy.swift in Sources */,
				F389A8522294748A00CE30EE /* PlacesPresenterTests.swift in Sources */,
				F389A84E229473D800CE30EE /* PlacesPresenterSpy.swift in Sources */,
			);
			runOnlyForDeploymentPostprocessing = 0;
		};
/* End PBXSourcesBuildPhase section */

/* Begin PBXTargetDependency section */
		F389A81F229342E100CE30EE /* PBXTargetDependency */ = {
			isa = PBXTargetDependency;
			target = F389A74F229342E000CE30EE /* MusicBrainz */;
			targetProxy = F389A81E229342E100CE30EE /* PBXContainerItemProxy */;
		};
/* End PBXTargetDependency section */

/* Begin PBXVariantGroup section */
		F389A815229342E100CE30EE /* LaunchScreen.storyboard */ = {
			isa = PBXVariantGroup;
			children = (
				F389A816229342E100CE30EE /* Base */,
			);
			name = LaunchScreen.storyboard;
			sourceTree = "<group>";
		};
/* End PBXVariantGroup section */

/* Begin XCBuildConfiguration section */
		F389A824229342E100CE30EE /* Debug */ = {
			isa = XCBuildConfiguration;
			buildSettings = {
				ALWAYS_SEARCH_USER_PATHS = NO;
				CLANG_ANALYZER_NONNULL = YES;
				CLANG_ANALYZER_NUMBER_OBJECT_CONVERSION = YES_AGGRESSIVE;
				CLANG_CXX_LANGUAGE_STANDARD = "gnu++14";
				CLANG_CXX_LIBRARY = "libc++";
				CLANG_ENABLE_MODULES = YES;
				CLANG_ENABLE_OBJC_ARC = YES;
				CLANG_ENABLE_OBJC_WEAK = YES;
				CLANG_WARN_BLOCK_CAPTURE_AUTORELEASING = YES;
				CLANG_WARN_BOOL_CONVERSION = YES;
				CLANG_WARN_COMMA = YES;
				CLANG_WARN_CONSTANT_CONVERSION = YES;
				CLANG_WARN_DEPRECATED_OBJC_IMPLEMENTATIONS = YES;
				CLANG_WARN_DIRECT_OBJC_ISA_USAGE = YES_ERROR;
				CLANG_WARN_DOCUMENTATION_COMMENTS = YES;
				CLANG_WARN_EMPTY_BODY = YES;
				CLANG_WARN_ENUM_CONVERSION = YES;
				CLANG_WARN_INFINITE_RECURSION = YES;
				CLANG_WARN_INT_CONVERSION = YES;
				CLANG_WARN_NON_LITERAL_NULL_CONVERSION = YES;
				CLANG_WARN_OBJC_IMPLICIT_RETAIN_SELF = YES;
				CLANG_WARN_OBJC_LITERAL_CONVERSION = YES;
				CLANG_WARN_OBJC_ROOT_CLASS = YES_ERROR;
				CLANG_WARN_RANGE_LOOP_ANALYSIS = YES;
				CLANG_WARN_STRICT_PROTOTYPES = YES;
				CLANG_WARN_SUSPICIOUS_MOVE = YES;
				CLANG_WARN_UNGUARDED_AVAILABILITY = YES_AGGRESSIVE;
				CLANG_WARN_UNREACHABLE_CODE = YES;
				CLANG_WARN__DUPLICATE_METHOD_MATCH = YES;
				CODE_SIGN_IDENTITY = "iPhone Developer";
				COPY_PHASE_STRIP = NO;
				DEBUG_INFORMATION_FORMAT = dwarf;
				ENABLE_STRICT_OBJC_MSGSEND = YES;
				ENABLE_TESTABILITY = YES;
				GCC_C_LANGUAGE_STANDARD = gnu11;
				GCC_DYNAMIC_NO_PIC = NO;
				GCC_NO_COMMON_BLOCKS = YES;
				GCC_OPTIMIZATION_LEVEL = 0;
				GCC_PREPROCESSOR_DEFINITIONS = (
					"DEBUG=1",
					"$(inherited)",
				);
				GCC_WARN_64_TO_32_BIT_CONVERSION = YES;
				GCC_WARN_ABOUT_RETURN_TYPE = YES_ERROR;
				GCC_WARN_UNDECLARED_SELECTOR = YES;
				GCC_WARN_UNINITIALIZED_AUTOS = YES_AGGRESSIVE;
				GCC_WARN_UNUSED_FUNCTION = YES;
				GCC_WARN_UNUSED_VARIABLE = YES;
				IPHONEOS_DEPLOYMENT_TARGET = 12.2;
				MTL_ENABLE_DEBUG_INFO = INCLUDE_SOURCE;
				MTL_FAST_MATH = YES;
				ONLY_ACTIVE_ARCH = YES;
				SDKROOT = iphoneos;
				SWIFT_ACTIVE_COMPILATION_CONDITIONS = DEBUG;
				SWIFT_OPTIMIZATION_LEVEL = "-Onone";
			};
			name = Debug;
		};
		F389A825229342E100CE30EE /* Release */ = {
			isa = XCBuildConfiguration;
			buildSettings = {
				ALWAYS_SEARCH_USER_PATHS = NO;
				CLANG_ANALYZER_NONNULL = YES;
				CLANG_ANALYZER_NUMBER_OBJECT_CONVERSION = YES_AGGRESSIVE;
				CLANG_CXX_LANGUAGE_STANDARD = "gnu++14";
				CLANG_CXX_LIBRARY = "libc++";
				CLANG_ENABLE_MODULES = YES;
				CLANG_ENABLE_OBJC_ARC = YES;
				CLANG_ENABLE_OBJC_WEAK = YES;
				CLANG_WARN_BLOCK_CAPTURE_AUTORELEASING = YES;
				CLANG_WARN_BOOL_CONVERSION = YES;
				CLANG_WARN_COMMA = YES;
				CLANG_WARN_CONSTANT_CONVERSION = YES;
				CLANG_WARN_DEPRECATED_OBJC_IMPLEMENTATIONS = YES;
				CLANG_WARN_DIRECT_OBJC_ISA_USAGE = YES_ERROR;
				CLANG_WARN_DOCUMENTATION_COMMENTS = YES;
				CLANG_WARN_EMPTY_BODY = YES;
				CLANG_WARN_ENUM_CONVERSION = YES;
				CLANG_WARN_INFINITE_RECURSION = YES;
				CLANG_WARN_INT_CONVERSION = YES;
				CLANG_WARN_NON_LITERAL_NULL_CONVERSION = YES;
				CLANG_WARN_OBJC_IMPLICIT_RETAIN_SELF = YES;
				CLANG_WARN_OBJC_LITERAL_CONVERSION = YES;
				CLANG_WARN_OBJC_ROOT_CLASS = YES_ERROR;
				CLANG_WARN_RANGE_LOOP_ANALYSIS = YES;
				CLANG_WARN_STRICT_PROTOTYPES = YES;
				CLANG_WARN_SUSPICIOUS_MOVE = YES;
				CLANG_WARN_UNGUARDED_AVAILABILITY = YES_AGGRESSIVE;
				CLANG_WARN_UNREACHABLE_CODE = YES;
				CLANG_WARN__DUPLICATE_METHOD_MATCH = YES;
				CODE_SIGN_IDENTITY = "iPhone Developer";
				COPY_PHASE_STRIP = NO;
				DEBUG_INFORMATION_FORMAT = "dwarf-with-dsym";
				ENABLE_NS_ASSERTIONS = NO;
				ENABLE_STRICT_OBJC_MSGSEND = YES;
				GCC_C_LANGUAGE_STANDARD = gnu11;
				GCC_NO_COMMON_BLOCKS = YES;
				GCC_WARN_64_TO_32_BIT_CONVERSION = YES;
				GCC_WARN_ABOUT_RETURN_TYPE = YES_ERROR;
				GCC_WARN_UNDECLARED_SELECTOR = YES;
				GCC_WARN_UNINITIALIZED_AUTOS = YES_AGGRESSIVE;
				GCC_WARN_UNUSED_FUNCTION = YES;
				GCC_WARN_UNUSED_VARIABLE = YES;
				IPHONEOS_DEPLOYMENT_TARGET = 12.2;
				MTL_ENABLE_DEBUG_INFO = NO;
				MTL_FAST_MATH = YES;
				SDKROOT = iphoneos;
				SWIFT_COMPILATION_MODE = wholemodule;
				SWIFT_OPTIMIZATION_LEVEL = "-O";
				VALIDATE_PRODUCT = YES;
			};
			name = Release;
		};
		F389A827229342E100CE30EE /* Debug */ = {
			isa = XCBuildConfiguration;
			buildSettings = {
				ASSETCATALOG_COMPILER_APPICON_NAME = AppIcon;
				CODE_SIGN_STYLE = Automatic;
				DEVELOPMENT_TEAM = WPZC96H3B4;
				INFOPLIST_FILE = MusicBrainz/Config/Info.plist;
				LD_RUNPATH_SEARCH_PATHS = (
					"$(inherited)",
					"@executable_path/Frameworks",
				);
				PRODUCT_BUNDLE_IDENTIFIER = com.lyzkov.MusicBrainz;
				PRODUCT_NAME = "$(TARGET_NAME)";
				SWIFT_VERSION = 5.0;
				TARGETED_DEVICE_FAMILY = 1;
			};
			name = Debug;
		};
		F389A828229342E100CE30EE /* Release */ = {
			isa = XCBuildConfiguration;
			buildSettings = {
				ASSETCATALOG_COMPILER_APPICON_NAME = AppIcon;
				CODE_SIGN_STYLE = Automatic;
				DEVELOPMENT_TEAM = WPZC96H3B4;
				INFOPLIST_FILE = MusicBrainz/Config/Info.plist;
				LD_RUNPATH_SEARCH_PATHS = (
					"$(inherited)",
					"@executable_path/Frameworks",
				);
				PRODUCT_BUNDLE_IDENTIFIER = com.lyzkov.MusicBrainz;
				PRODUCT_NAME = "$(TARGET_NAME)";
				SWIFT_VERSION = 5.0;
				TARGETED_DEVICE_FAMILY = 1;
			};
			name = Release;
		};
		F389A82A229342E100CE30EE /* Debug */ = {
			isa = XCBuildConfiguration;
			buildSettings = {
				ALWAYS_EMBED_SWIFT_STANDARD_LIBRARIES = YES;
				BUNDLE_LOADER = "$(TEST_HOST)";
				CODE_SIGN_STYLE = Automatic;
				DEVELOPMENT_TEAM = WPZC96H3B4;
				INFOPLIST_FILE = MusicBrainzTests/Info.plist;
				LD_RUNPATH_SEARCH_PATHS = (
					"$(inherited)",
					"@executable_path/Frameworks",
					"@loader_path/Frameworks",
				);
				PRODUCT_BUNDLE_IDENTIFIER = com.lyzkov.MusicBrainzTests;
				PRODUCT_NAME = "$(TARGET_NAME)";
				SWIFT_VERSION = 5.0;
				TARGETED_DEVICE_FAMILY = "1,2";
				TEST_HOST = "$(BUILT_PRODUCTS_DIR)/MusicBrainz.app/MusicBrainz";
			};
			name = Debug;
		};
		F389A82B229342E100CE30EE /* Release */ = {
			isa = XCBuildConfiguration;
			buildSettings = {
				ALWAYS_EMBED_SWIFT_STANDARD_LIBRARIES = YES;
				BUNDLE_LOADER = "$(TEST_HOST)";
				CODE_SIGN_STYLE = Automatic;
				DEVELOPMENT_TEAM = WPZC96H3B4;
				INFOPLIST_FILE = MusicBrainzTests/Info.plist;
				LD_RUNPATH_SEARCH_PATHS = (
					"$(inherited)",
					"@executable_path/Frameworks",
					"@loader_path/Frameworks",
				);
				PRODUCT_BUNDLE_IDENTIFIER = com.lyzkov.MusicBrainzTests;
				PRODUCT_NAME = "$(TARGET_NAME)";
				SWIFT_VERSION = 5.0;
				TARGETED_DEVICE_FAMILY = "1,2";
				TEST_HOST = "$(BUILT_PRODUCTS_DIR)/MusicBrainz.app/MusicBrainz";
			};
			name = Release;
		};
/* End XCBuildConfiguration section */

/* Begin XCConfigurationList section */
		F389A74B229342E000CE30EE /* Build configuration list for PBXProject "MusicBrainz" */ = {
			isa = XCConfigurationList;
			buildConfigurations = (
				F389A824229342E100CE30EE /* Debug */,
				F389A825229342E100CE30EE /* Release */,
			);
			defaultConfigurationIsVisible = 0;
			defaultConfigurationName = Release;
		};
		F389A826229342E100CE30EE /* Build configuration list for PBXNativeTarget "MusicBrainz" */ = {
			isa = XCConfigurationList;
			buildConfigurations = (
				F389A827229342E100CE30EE /* Debug */,
				F389A828229342E100CE30EE /* Release */,
			);
			defaultConfigurationIsVisible = 0;
			defaultConfigurationName = Release;
		};
		F389A829229342E100CE30EE /* Build configuration list for PBXNativeTarget "MusicBrainzTests" */ = {
			isa = XCConfigurationList;
			buildConfigurations = (
				F389A82A229342E100CE30EE /* Debug */,
				F389A82B229342E100CE30EE /* Release */,
			);
			defaultConfigurationIsVisible = 0;
			defaultConfigurationName = Release;
		};
/* End XCConfigurationList section */
	};
	rootObject = F389A748229342E000CE30EE /* Project object */;
}
